
Microsoft Visual Studio Solution File, Format Version 12.00
# Visual Studio Version 16
VisualStudioVersion = 16.0.32126.315
MinimumVisualStudioVersion = 10.0.40219.1
Project("{FAE04EC0-301F-11D3-BF4B-00C04F79EFBC}") = "Ventana", "Ventana\Ventana.csproj", "{EBBF387B-9CDE-477F-BCCA-0BF93246B1DC}"
EndProject
Global
	GlobalSection(SolutionConfigurationPlatforms) = preSolution
		Debug|Any CPU = Debug|Any CPU
		Release|Any CPU = Release|Any CPU
	EndGlobalSection
	GlobalSection(ProjectConfigurationPlatforms) = postSolution
		{EBBF387B-9CDE-477F-BCCA-0BF93246B1DC}.Debug|Any CPU.ActiveCfg = Debug|Any CPU
		{EBBF387B-9CDE-477F-BCCA-0BF93246B1DC}.Debug|Any CPU.Build.0 = Debug|Any CPU
		{EBBF387B-9CDE-477F-BCCA-0BF93246B1DC}.Release|Any CPU.ActiveCfg = Release|Any CPU
		{EBBF387B-9CDE-477F-BCCA-0BF93246B1DC}.Release|Any CPU.Build.0 = Release|Any CPU
	EndGlobalSection
	GlobalSection(SolutionProperties) = preSolution
		HideSolutionNode = FALSE
	EndGlobalSection
	GlobalSection(ExtensibilityGlobals) = postSolution
		SolutionGuid = {41F6C481-93EC-411C-9E74-CE509FCD2A48}
	EndGlobalSection
EndGlobal
